
Microsoft Visual Studio Solution File, Format Version 12.00
# Visual Studio Version 16
VisualStudioVersion = 16.0.29509.3
MinimumVisualStudioVersion = 10.0.40219.1
Project("{FAE04EC0-301F-11D3-BF4B-00C04F79EFBC}") = "PartyAtHomes-Webapi", "PartyAtHomes-Webapi\PartyAtHomes-Webapi.csproj", "{D5D90B6C-089A-440B-AF84-3DF6CF1B88AA}"
EndProject
Project("{FAE04EC0-301F-11D3-BF4B-00C04F79EFBC}") = "PartyAtHomes-Lib", "PartyAtHomes-Lib\PartyAtHomes-Lib.csproj", "{EA063A10-A371-4D57-9B9A-A874869677E9}"
EndProject
Global
	GlobalSection(SolutionConfigurationPlatforms) = preSolution
		Debug|Any CPU = Debug|Any CPU
		Release|Any CPU = Release|Any CPU
	EndGlobalSection
	GlobalSection(ProjectConfigurationPlatforms) = postSolution
		{D5D90B6C-089A-440B-AF84-3DF6CF1B88AA}.Debug|Any CPU.ActiveCfg = Debug|Any CPU
		{D5D90B6C-089A-440B-AF84-3DF6CF1B88AA}.Debug|Any CPU.Build.0 = Debug|Any CPU
		{D5D90B6C-089A-440B-AF84-3DF6CF1B88AA}.Release|Any CPU.ActiveCfg = Release|Any CPU
		{D5D90B6C-089A-440B-AF84-3DF6CF1B88AA}.Release|Any CPU.Build.0 = Release|Any CPU
		{EA063A10-A371-4D57-9B9A-A874869677E9}.Debug|Any CPU.ActiveCfg = Debug|Any CPU
		{EA063A10-A371-4D57-9B9A-A874869677E9}.Debug|Any CPU.Build.0 = Debug|Any CPU
		{EA063A10-A371-4D57-9B9A-A874869677E9}.Release|Any CPU.ActiveCfg = Release|Any CPU
		{EA063A10-A371-4D57-9B9A-A874869677E9}.Release|Any CPU.Build.0 = Release|Any CPU
	EndGlobalSection
	GlobalSection(SolutionProperties) = preSolution
		HideSolutionNode = FALSE
	EndGlobalSection
	GlobalSection(ExtensibilityGlobals) = postSolution
		SolutionGuid = {D2200197-748F-4209-8412-EBE37CA5FAE4}
	EndGlobalSection
EndGlobal
